{
  "version": 4,
  "terraform_version": "1.14.3",
  "serial": 31,
  "lineage": "ce03f4d6-35ac-f139-e25b-7f3e8735d052",
  "outputs": {},
  "resources": [
    {
      "mode": "data",
      "type": "azurerm_client_config",
      "name": "current",
      "provider": "provider[\"registry.terraform.io/hashicorp/azurerm\"]",
      "instances": [
        {
          "schema_version": 0,
          "attributes": {
            "client_id": "04b07795-8ddb-461a-bbee-02f9e1bf7b46",
            "id": "Y2xpZW50Q29uZmlncy9jbGllbnRJZD0wNGIwNzc5NS04ZGRiLTQ2MWEtYmJlZS0wMmY5ZTFiZjdiNDY7b2JqZWN0SWQ9OWUxMzQ3Y2EtZWQ1Ny00ZDM4LWIzM2MtYjZiM2E0NmE4NmVlO3N1YnNjcmlwdGlvbklkPWEyNDE4NTUzLTExMDItNDZkZi1hN2FmLWNmNjJjZTQ5NDBjMTt0ZW5hbnRJZD1iMTg2NTlkYy02ZjI4LTRiNWQtODJjMi1iODFhMzMzNmI4YzE=",
            "object_id": "9e1347ca-ed57-4d38-b33c-b6b3a46a86ee",
            "subscription_id": "a2418553-1102-46df-a7af-cf62ce4940c1",
            "tenant_id": "b18659dc-6f28-4b5d-82c2-b81a3336b8c1",
            "timeouts": null
          },
          "sensitive_attributes": [],
          "identity_schema_version": 0
        }
      ]
    },
    {
      "mode": "managed",
      "type": "azurerm_key_vault",
      "name": "security_kv",
      "provider": "provider[\"registry.terraform.io/hashicorp/azurerm\"]",
      "instances": [
        {
          "schema_version": 2,
          "attributes": {
            "access_policy": [
              {
                "application_id": "",
                "certificate_permissions": [],
                "key_permissions": [
                  "Get"
                ],
                "object_id": "9bdbbd19-f914-4201-8885-fe646b13600b",
                "secret_permissions": [
                  "Get",
                  "Set",
                  "List"
                ],
                "storage_permissions": [
                  "Get"
                ],
                "tenant_id": "b18659dc-6f28-4b5d-82c2-b81a3336b8c1"
              },
              {
                "application_id": "",
                "certificate_permissions": [],
                "key_permissions": [
                  "Get"
                ],
                "object_id": "7b84451e-0396-4522-a736-22dd4876d928",
                "secret_permissions": [
                  "Get",
                  "Set",
                  "List"
                ],
                "storage_permissions": [
                  "Get"
                ],
                "tenant_id": "b18659dc-6f28-4b5d-82c2-b81a3336b8c1"
              },
              {
                "application_id": "",
                "certificate_permissions": [],
                "key_permissions": [],
                "object_id": "9e1347ca-ed57-4d38-b33c-b6b3a46a86ee",
                "secret_permissions": [
                  "Get",
                  "Set",
                  "List"
                ],
                "storage_permissions": [],
                "tenant_id": "b18659dc-6f28-4b5d-82c2-b81a3336b8c1"
              }
            ],
            "contact": [],
            "enable_rbac_authorization": false,
            "enabled_for_deployment": false,
            "enabled_for_disk_encryption": true,
            "enabled_for_template_deployment": false,
            "id": "/subscriptions/a2418553-1102-46df-a7af-cf62ce4940c1/resourceGroups/security-rg/providers/Microsoft.KeyVault/vaults/security-key-lab1",
            "location": "canadacentral",
            "name": "security-key-lab1",
            "network_acls": [
              {
                "bypass": "AzureServices",
                "default_action": "Allow",
                "ip_rules": [],
                "virtual_network_subnet_ids": []
              }
            ],
            "public_network_access_enabled": true,
            "purge_protection_enabled": false,
            "rbac_authorization_enabled": false,
            "resource_group_name": "security-rg",
            "sku_name": "standard",
            "soft_delete_retention_days": 7,
            "tags": {},
            "tenant_id": "b18659dc-6f28-4b5d-82c2-b81a3336b8c1",
            "timeouts": null,
            "vault_uri": "https://security-key-lab1.vault.azure.net/"
          },
          "sensitive_attributes": [],
          "identity_schema_version": 0,
          "private": "eyJlMmJmYjczMC1lY2FhLTExZTYtOGY4OC0zNDM2M2JjN2M0YzAiOnsiY3JlYXRlIjoxODAwMDAwMDAwMDAwLCJkZWxldGUiOjE4MDAwMDAwMDAwMDAsInJlYWQiOjMwMDAwMDAwMDAwMCwidXBkYXRlIjoxODAwMDAwMDAwMDAwfSwic2NoZW1hX3ZlcnNpb24iOiIyIn0=",
          "dependencies": [
            "azurerm_resource_group.security",
            "data.azurerm_client_config.current"
          ]
        }
      ]
    },
    {
      "mode": "managed",
      "type": "azurerm_key_vault_access_policy",
      "name": "terraform",
      "provider": "provider[\"registry.terraform.io/hashicorp/azurerm\"]",
      "instances": [
        {
          "schema_version": 0,
          "attributes": {
            "application_id": "",
            "certificate_permissions": [],
            "id": "/subscriptions/a2418553-1102-46df-a7af-cf62ce4940c1/resourceGroups/security-rg/providers/Microsoft.KeyVault/vaults/security-key-lab1/objectId/9e1347ca-ed57-4d38-b33c-b6b3a46a86ee",
            "key_permissions": [],
            "key_vault_id": "/subscriptions/a2418553-1102-46df-a7af-cf62ce4940c1/resourceGroups/security-rg/providers/Microsoft.KeyVault/vaults/security-key-lab1",
            "object_id": "9e1347ca-ed57-4d38-b33c-b6b3a46a86ee",
            "secret_permissions": [
              "Get",
              "Set",
              "List"
            ],
            "storage_permissions": [],
            "tenant_id": "b18659dc-6f28-4b5d-82c2-b81a3336b8c1",
            "timeouts": null
          },
          "sensitive_attributes": [],
          "identity_schema_version": 0,
          "private": "eyJlMmJmYjczMC1lY2FhLTExZTYtOGY4OC0zNDM2M2JjN2M0YzAiOnsiY3JlYXRlIjoxODAwMDAwMDAwMDAwLCJkZWxldGUiOjE4MDAwMDAwMDAwMDAsInJlYWQiOjMwMDAwMDAwMDAwMCwidXBkYXRlIjoxODAwMDAwMDAwMDAwfX0=",
          "dependencies": [
            "azurerm_key_vault.security_kv",
            "azurerm_resource_group.security",
            "data.azurerm_client_config.current"
          ]
        }
      ]
    },
    {
      "mode": "managed",
      "type": "azurerm_key_vault_access_policy",
      "name": "workload_a",
      "provider": "provider[\"registry.terraform.io/hashicorp/azurerm\"]",
      "instances": [
        {
          "schema_version": 0,
          "attributes": {
            "application_id": "",
            "certificate_permissions": [],
            "id": "/subscriptions/a2418553-1102-46df-a7af-cf62ce4940c1/resourceGroups/security-rg/providers/Microsoft.KeyVault/vaults/security-key-lab1/objectId/9bdbbd19-f914-4201-8885-fe646b13600b",
            "key_permissions": [
              "Get"
            ],
            "key_vault_id": "/subscriptions/a2418553-1102-46df-a7af-cf62ce4940c1/resourceGroups/security-rg/providers/Microsoft.KeyVault/vaults/security-key-lab1",
            "object_id": "9bdbbd19-f914-4201-8885-fe646b13600b",
            "secret_permissions": [
              "Get",
              "Set",
              "List"
            ],
            "storage_permissions": [
              "Get"
            ],
            "tenant_id": "b18659dc-6f28-4b5d-82c2-b81a3336b8c1",
            "timeouts": null
          },
          "sensitive_attributes": [],
          "identity_schema_version": 0,
          "private": "eyJlMmJmYjczMC1lY2FhLTExZTYtOGY4OC0zNDM2M2JjN2M0YzAiOnsiY3JlYXRlIjoxODAwMDAwMDAwMDAwLCJkZWxldGUiOjE4MDAwMDAwMDAwMDAsInJlYWQiOjMwMDAwMDAwMDAwMCwidXBkYXRlIjoxODAwMDAwMDAwMDAwfX0=",
          "dependencies": [
            "azurerm_key_vault.security_kv",
            "azurerm_key_vault_secret.db_password",
            "azurerm_linux_web_app.workload_a",
            "azurerm_resource_group.security",
            "azurerm_service_plan.workload_a",
            "data.azurerm_client_config.current"
          ]
        }
      ]
    },
    {
      "mode": "managed",
      "type": "azurerm_key_vault_access_policy",
      "name": "workload_b",
      "provider": "provider[\"registry.terraform.io/hashicorp/azurerm\"]",
      "instances": [
        {
          "schema_version": 0,
          "attributes": {
            "application_id": "",
            "certificate_permissions": [],
            "id": "/subscriptions/a2418553-1102-46df-a7af-cf62ce4940c1/resourceGroups/security-rg/providers/Microsoft.KeyVault/vaults/security-key-lab1/objectId/7b84451e-0396-4522-a736-22dd4876d928",
            "key_permissions": [
              "Get"
            ],
            "key_vault_id": "/subscriptions/a2418553-1102-46df-a7af-cf62ce4940c1/resourceGroups/security-rg/providers/Microsoft.KeyVault/vaults/security-key-lab1",
            "object_id": "7b84451e-0396-4522-a736-22dd4876d928",
            "secret_permissions": [
              "Get",
              "Set",
              "List"
            ],
            "storage_permissions": [
              "Get"
            ],
            "tenant_id": "b18659dc-6f28-4b5d-82c2-b81a3336b8c1",
            "timeouts": null
          },
          "sensitive_attributes": [],
          "identity_schema_version": 0,
          "private": "eyJlMmJmYjczMC1lY2FhLTExZTYtOGY4OC0zNDM2M2JjN2M0YzAiOnsiY3JlYXRlIjoxODAwMDAwMDAwMDAwLCJkZWxldGUiOjE4MDAwMDAwMDAwMDAsInJlYWQiOjMwMDAwMDAwMDAwMCwidXBkYXRlIjoxODAwMDAwMDAwMDAwfX0=",
          "dependencies": [
            "azurerm_key_vault.security_kv",
            "azurerm_key_vault_secret.db_password",
            "azurerm_linux_web_app.workload_b",
            "azurerm_resource_group.security",
            "azurerm_service_plan.workload_b",
            "data.azurerm_client_config.current"
          ]
        }
      ]
    },
    {
      "mode": "managed",
      "type": "azurerm_key_vault_secret",
      "name": "db_password",
      "provider": "provider[\"registry.terraform.io/hashicorp/azurerm\"]",
      "instances": [
        {
          "schema_version": 0,
          "attributes": {
            "content_type": "",
            "expiration_date": "",
            "id": "https://security-key-lab1.vault.azure.net/secrets/DbPassword/d4182757e251411ba34c26b2c50647f4",
            "key_vault_id": "/subscriptions/a2418553-1102-46df-a7af-cf62ce4940c1/resourceGroups/security-rg/providers/Microsoft.KeyVault/vaults/security-key-lab1",
            "name": "DbPassword",
            "not_before_date": "",
            "resource_id": "/subscriptions/a2418553-1102-46df-a7af-cf62ce4940c1/resourceGroups/security-rg/providers/Microsoft.KeyVault/vaults/security-key-lab1/secrets/DbPassword/versions/d4182757e251411ba34c26b2c50647f4",
            "resource_versionless_id": "/subscriptions/a2418553-1102-46df-a7af-cf62ce4940c1/resourceGroups/security-rg/providers/Microsoft.KeyVault/vaults/security-key-lab1/secrets/DbPassword",
            "tags": {},
            "timeouts": null,
            "value": "SuperSecret123!",
            "value_wo": null,
            "value_wo_version": 0,
            "version": "d4182757e251411ba34c26b2c50647f4",
            "versionless_id": "https://security-key-lab1.vault.azure.net/secrets/DbPassword"
          },
          "sensitive_attributes": [
            [
              {
                "type": "get_attr",
                "value": "value"
              }
            ]
          ],
          "identity_schema_version": 0,
          "private": "eyJlMmJmYjczMC1lY2FhLTExZTYtOGY4OC0zNDM2M2JjN2M0YzAiOnsiY3JlYXRlIjoxODAwMDAwMDAwMDAwLCJkZWxldGUiOjE4MDAwMDAwMDAwMDAsInJlYWQiOjE4MDAwMDAwMDAwMDAsInVwZGF0ZSI6MTgwMDAwMDAwMDAwMH19",
          "dependencies": [
            "azurerm_key_vault.security_kv",
            "azurerm_resource_group.security",
            "data.azurerm_client_config.current"
          ]
        }
      ]
    },
    {
      "mode": "managed",
      "type": "azurerm_linux_web_app",
      "name": "workload_a",
      "provider": "provider[\"registry.terraform.io/hashicorp/azurerm\"]",
      "instances": [
        {
          "schema_version": 1,
          "attributes": {
            "app_settings": {
              "DB_PASSWORD": "@Microsoft.KeyVault(SecretUri=https://security-key-lab1.vault.azure.net/secrets/DbPassword/d4182757e251411ba34c26b2c50647f4)"
            },
            "auth_settings": [
              {
                "active_directory": [],
                "additional_login_parameters": {},
                "allowed_external_redirect_urls": [],
                "default_provider": "",
                "enabled": false,
                "facebook": [],
                "github": [],
                "google": [],
                "issuer": "",
                "microsoft": [],
                "runtime_version": "",
                "token_refresh_extension_hours": 0,
                "token_store_enabled": false,
                "twitter": [],
                "unauthenticated_client_action": ""
              }
            ],
            "auth_settings_v2": [],
            "backup": [],
            "client_affinity_enabled": false,
            "client_certificate_enabled": false,
            "client_certificate_exclusion_paths": "",
            "client_certificate_mode": "Required",
            "connection_string": [],
            "custom_domain_verification_id": "66930B13A17EEB179EFCC33C84A04BE2E788A942A53A39F16DD00D2B61ACBC30",
            "default_hostname": "app-internal-workload.azurewebsites.net",
            "enabled": true,
            "ftp_publish_basic_authentication_enabled": true,
            "hosting_environment_id": "",
            "https_only": false,
            "id": "/subscriptions/a2418553-1102-46df-a7af-cf62ce4940c1/resourceGroups/security-rg/providers/Microsoft.Web/sites/app-internal-workload",
            "identity": [
              {
                "identity_ids": [],
                "principal_id": "9bdbbd19-f914-4201-8885-fe646b13600b",
                "tenant_id": "b18659dc-6f28-4b5d-82c2-b81a3336b8c1",
                "type": "SystemAssigned"
              }
            ],
            "key_vault_reference_identity_id": "SystemAssigned",
            "kind": "app,linux",
            "location": "canadacentral",
            "logs": [],
            "name": "app-internal-workload",
            "outbound_ip_address_list": [
              "20.200.98.181",
              "20.200.99.19",
              "20.200.99.88",
              "20.200.101.16",
              "20.200.101.66",
              "20.200.103.214",
              "20.48.202.162"
            ],
            "outbound_ip_addresses": "20.200.98.181,20.200.99.19,20.200.99.88,20.200.101.16,20.200.101.66,20.200.103.214,20.48.202.162",
            "possible_outbound_ip_address_list": [
              "20.200.98.181",
              "20.200.99.19",
              "20.200.99.88",
              "20.200.101.16",
              "20.200.101.66",
              "20.200.103.214",
              "20.116.80.98",
              "20.116.80.128",
              "20.116.80.135",
              "20.116.80.184",
              "20.116.81.79",
              "20.116.81.124",
              "20.116.81.130",
              "20.116.82.142",
              "20.116.82.160",
              "20.116.84.39",
              "20.116.84.65",
              "20.116.84.127",
              "20.116.85.53",
              "20.116.85.162",
              "20.116.85.165",
              "20.116.85.241",
              "20.116.85.254",
              "20.116.86.6",
              "20.48.202.162"
            ],
            "possible_outbound_ip_addresses": "20.200.98.181,20.200.99.19,20.200.99.88,20.200.101.16,20.200.101.66,20.200.103.214,20.116.80.98,20.116.80.128,20.116.80.135,20.116.80.184,20.116.81.79,20.116.81.124,20.116.81.130,20.116.82.142,20.116.82.160,20.116.84.39,20.116.84.65,20.116.84.127,20.116.85.53,20.116.85.162,20.116.85.165,20.116.85.241,20.116.85.254,20.116.86.6,20.48.202.162",
            "public_network_access_enabled": true,
            "resource_group_name": "security-rg",
            "service_plan_id": "/subscriptions/a2418553-1102-46df-a7af-cf62ce4940c1/resourceGroups/security-rg/providers/Microsoft.Web/serverFarms/asp-internal-workload",
            "site_config": [
              {
                "always_on": false,
                "api_definition_url": "",
                "api_management_api_id": "",
                "app_command_line": "",
                "application_stack": [
                  {
                    "docker_image_name": "",
                    "docker_registry_password": "",
                    "docker_registry_url": "",
                    "docker_registry_username": "",
                    "dotnet_version": "",
                    "go_version": "",
                    "java_server": "",
                    "java_server_version": "",
                    "java_version": "",
                    "node_version": "",
                    "php_version": "",
                    "python_version": "",
                    "ruby_version": ""
                  }
                ],
                "auto_heal_setting": [],
                "container_registry_managed_identity_client_id": "",
                "container_registry_use_managed_identity": false,
                "cors": [],
                "default_documents": [
                  "Default.htm",
                  "Default.html",
                  "Default.asp",
                  "index.htm",
                  "index.html",
                  "iisstart.htm",
                  "default.aspx",
                  "index.php",
                  "hostingstart.html"
                ],
                "detailed_error_logging_enabled": false,
                "ftps_state": "Disabled",
                "health_check_eviction_time_in_min": 0,
                "health_check_path": "",
                "http2_enabled": false,
                "ip_restriction": [],
                "ip_restriction_default_action": "Allow",
                "linux_fx_version": "",
                "load_balancing_mode": "LeastRequests",
                "local_mysql_enabled": false,
                "managed_pipeline_mode": "Integrated",
                "minimum_tls_version": "1.2",
                "remote_debugging_enabled": false,
                "remote_debugging_version": "VS2022",
                "scm_ip_restriction": [],
                "scm_ip_restriction_default_action": "Allow",
                "scm_minimum_tls_version": "1.2",
                "scm_type": "None",
                "scm_use_main_ip_restriction": false,
                "use_32_bit_worker": true,
                "vnet_route_all_enabled": false,
                "websockets_enabled": false,
                "worker_count": 1
              }
            ],
            "site_credential": [
              {
                "name": "$app-internal-workload",
                "password": "d5SmNtTLkonddj5cNwFi5DXusmfl9xP99zNN0LctLtGpNbse7ggTdBN18ZDb"
              }
            ],
            "sticky_settings": [],
            "storage_account": [],
            "tags": {},
            "timeouts": null,
            "virtual_network_backup_restore_enabled": false,
            "virtual_network_subnet_id": "",
            "vnet_image_pull_enabled": false,
            "webdeploy_publish_basic_authentication_enabled": true,
            "zip_deploy_file": ""
          },
          "sensitive_attributes": [
            [
              {
                "type": "get_attr",
                "value": "custom_domain_verification_id"
              }
            ],
            [
              {
                "type": "get_attr",
                "value": "site_config"
              },
              {
                "type": "index",
                "value": {
                  "value": 0,
                  "type": "number"
                }
              },
              {
                "type": "get_attr",
                "value": "application_stack"
              },
              {
                "type": "index",
                "value": {
                  "value": 0,
                  "type": "number"
                }
              },
              {
                "type": "get_attr",
                "value": "docker_registry_password"
              }
            ],
            [
              {
                "type": "get_attr",
                "value": "site_credential"
              }
            ]
          ],
          "identity_schema_version": 0,
          "private": "eyJlMmJmYjczMC1lY2FhLTExZTYtOGY4OC0zNDM2M2JjN2M0YzAiOnsiY3JlYXRlIjoxODAwMDAwMDAwMDAwLCJkZWxldGUiOjE4MDAwMDAwMDAwMDAsInJlYWQiOjMwMDAwMDAwMDAwMCwidXBkYXRlIjoxODAwMDAwMDAwMDAwfSwic2NoZW1hX3ZlcnNpb24iOiIxIn0=",
          "dependencies": [
            "azurerm_key_vault.security_kv",
            "azurerm_key_vault_secret.db_password",
            "azurerm_resource_group.security",
            "azurerm_service_plan.workload_a",
            "data.azurerm_client_config.current"
          ]
        }
      ]
    },
    {
      "mode": "managed",
      "type": "azurerm_linux_web_app",
      "name": "workload_b",
      "provider": "provider[\"registry.terraform.io/hashicorp/azurerm\"]",
      "instances": [
        {
          "schema_version": 1,
          "attributes": {
            "app_settings": {
              "DB_PASSWORD": "@Microsoft.KeyVault(SecretUri=https://security-key-lab1.vault.azure.net/secrets/DbPassword/d4182757e251411ba34c26b2c50647f4)"
            },
            "auth_settings": [
              {
                "active_directory": [],
                "additional_login_parameters": {},
                "allowed_external_redirect_urls": [],
                "default_provider": "",
                "enabled": false,
                "facebook": [],
                "github": [],
                "google": [],
                "issuer": "",
                "microsoft": [],
                "runtime_version": "",
                "token_refresh_extension_hours": 0,
                "token_store_enabled": false,
                "twitter": [],
                "unauthenticated_client_action": ""
              }
            ],
            "auth_settings_v2": [],
            "backup": [],
            "client_affinity_enabled": false,
            "client_certificate_enabled": false,
            "client_certificate_exclusion_paths": "",
            "client_certificate_mode": "Required",
            "connection_string": [],
            "custom_domain_verification_id": "66930B13A17EEB179EFCC33C84A04BE2E788A942A53A39F16DD00D2B61ACBC30",
            "default_hostname": "app-customer-portal-seclab1.azurewebsites.net",
            "enabled": true,
            "ftp_publish_basic_authentication_enabled": true,
            "hosting_environment_id": "",
            "https_only": false,
            "id": "/subscriptions/a2418553-1102-46df-a7af-cf62ce4940c1/resourceGroups/security-rg/providers/Microsoft.Web/sites/app-customer-portal-seclab1",
            "identity": [
              {
                "identity_ids": [],
                "principal_id": "7b84451e-0396-4522-a736-22dd4876d928",
                "tenant_id": "b18659dc-6f28-4b5d-82c2-b81a3336b8c1",
                "type": "SystemAssigned"
              }
            ],
            "key_vault_reference_identity_id": "SystemAssigned",
            "kind": "app,linux",
            "location": "canadacentral",
            "logs": [],
            "name": "app-customer-portal-seclab1",
            "outbound_ip_address_list": [
              "20.200.98.181",
              "20.200.99.19",
              "20.200.99.88",
              "20.200.101.16",
              "20.200.101.66",
              "20.200.103.214",
              "20.48.202.162"
            ],
            "outbound_ip_addresses": "20.200.98.181,20.200.99.19,20.200.99.88,20.200.101.16,20.200.101.66,20.200.103.214,20.48.202.162",
            "possible_outbound_ip_address_list": [
              "20.200.98.181",
              "20.200.99.19",
              "20.200.99.88",
              "20.200.101.16",
              "20.200.101.66",
              "20.200.103.214",
              "20.116.80.98",
              "20.116.80.128",
              "20.116.80.135",
              "20.116.80.184",
              "20.116.81.79",
              "20.116.81.124",
              "20.116.81.130",
              "20.116.82.142",
              "20.116.82.160",
              "20.116.84.39",
              "20.116.84.65",
              "20.116.84.127",
              "20.116.85.53",
              "20.116.85.162",
              "20.116.85.165",
              "20.116.85.241",
              "20.116.85.254",
              "20.116.86.6",
              "20.48.202.162"
            ],
            "possible_outbound_ip_addresses": "20.200.98.181,20.200.99.19,20.200.99.88,20.200.101.16,20.200.101.66,20.200.103.214,20.116.80.98,20.116.80.128,20.116.80.135,20.116.80.184,20.116.81.79,20.116.81.124,20.116.81.130,20.116.82.142,20.116.82.160,20.116.84.39,20.116.84.65,20.116.84.127,20.116.85.53,20.116.85.162,20.116.85.165,20.116.85.241,20.116.85.254,20.116.86.6,20.48.202.162",
            "public_network_access_enabled": true,
            "resource_group_name": "security-rg",
            "service_plan_id": "/subscriptions/a2418553-1102-46df-a7af-cf62ce4940c1/resourceGroups/security-rg/providers/Microsoft.Web/serverFarms/asp-customer-portal",
            "site_config": [
              {
                "always_on": false,
                "api_definition_url": "",
                "api_management_api_id": "",
                "app_command_line": "",
                "application_stack": [
                  {
                    "docker_image_name": "",
                    "docker_registry_password": "",
                    "docker_registry_url": "",
                    "docker_registry_username": "",
                    "dotnet_version": "",
                    "go_version": "",
                    "java_server": "",
                    "java_server_version": "",
                    "java_version": "",
                    "node_version": "",
                    "php_version": "",
                    "python_version": "",
                    "ruby_version": ""
                  }
                ],
                "auto_heal_setting": [],
                "container_registry_managed_identity_client_id": "",
                "container_registry_use_managed_identity": false,
                "cors": [],
                "default_documents": [
                  "Default.htm",
                  "Default.html",
                  "Default.asp",
                  "index.htm",
                  "index.html",
                  "iisstart.htm",
                  "default.aspx",
                  "index.php",
                  "hostingstart.html"
                ],
                "detailed_error_logging_enabled": false,
                "ftps_state": "Disabled",
                "health_check_eviction_time_in_min": 0,
                "health_check_path": "",
                "http2_enabled": false,
                "ip_restriction": [],
                "ip_restriction_default_action": "Allow",
                "linux_fx_version": "",
                "load_balancing_mode": "LeastRequests",
                "local_mysql_enabled": false,
                "managed_pipeline_mode": "Integrated",
                "minimum_tls_version": "1.2",
                "remote_debugging_enabled": false,
                "remote_debugging_version": "VS2022",
                "scm_ip_restriction": [],
                "scm_ip_restriction_default_action": "Allow",
                "scm_minimum_tls_version": "1.2",
                "scm_type": "None",
                "scm_use_main_ip_restriction": false,
                "use_32_bit_worker": true,
                "vnet_route_all_enabled": false,
                "websockets_enabled": false,
                "worker_count": 1
              }
            ],
            "site_credential": [
              {
                "name": "$app-customer-portal-seclab1",
                "password": "nHkxcQr6QAjAA9JGJWTNQ0yyDtcYl9lk3k6AHmdhd7JBPe3Cg0GWwKae9jHu"
              }
            ],
            "sticky_settings": [],
            "storage_account": [],
            "tags": {},
            "timeouts": null,
            "virtual_network_backup_restore_enabled": false,
            "virtual_network_subnet_id": "",
            "vnet_image_pull_enabled": false,
            "webdeploy_publish_basic_authentication_enabled": true,
            "zip_deploy_file": ""
          },
          "sensitive_attributes": [
            [
              {
                "type": "get_attr",
                "value": "custom_domain_verification_id"
              }
            ],
            [
              {
                "type": "get_attr",
                "value": "site_config"
              },
              {
                "type": "index",
                "value": {
                  "value": 0,
                  "type": "number"
                }
              },
              {
                "type": "get_attr",
                "value": "application_stack"
              },
              {
                "type": "index",
                "value": {
                  "value": 0,
                  "type": "number"
                }
              },
              {
                "type": "get_attr",
                "value": "docker_registry_password"
              }
            ],
            [
              {
                "type": "get_attr",
                "value": "site_credential"
              }
            ]
          ],
          "identity_schema_version": 0,
          "private": "eyJlMmJmYjczMC1lY2FhLTExZTYtOGY4OC0zNDM2M2JjN2M0YzAiOnsiY3JlYXRlIjoxODAwMDAwMDAwMDAwLCJkZWxldGUiOjE4MDAwMDAwMDAwMDAsInJlYWQiOjMwMDAwMDAwMDAwMCwidXBkYXRlIjoxODAwMDAwMDAwMDAwfSwic2NoZW1hX3ZlcnNpb24iOiIxIn0=",
          "dependencies": [
            "azurerm_key_vault.security_kv",
            "azurerm_key_vault_secret.db_password",
            "azurerm_resource_group.security",
            "azurerm_service_plan.workload_b",
            "data.azurerm_client_config.current"
          ]
        }
      ]
    },
    {
      "mode": "managed",
      "type": "azurerm_resource_group",
      "name": "security",
      "provider": "provider[\"registry.terraform.io/hashicorp/azurerm\"]",
      "instances": [
        {
          "schema_version": 0,
          "attributes": {
            "id": "/subscriptions/a2418553-1102-46df-a7af-cf62ce4940c1/resourceGroups/security-rg",
            "location": "canadacentral",
            "managed_by": "",
            "name": "security-rg",
            "tags": {},
            "timeouts": null
          },
          "sensitive_attributes": [],
          "identity_schema_version": 0,
          "identity": {
            "name": "security-rg",
            "subscription_id": "a2418553-1102-46df-a7af-cf62ce4940c1"
          },
          "private": "eyJlMmJmYjczMC1lY2FhLTExZTYtOGY4OC0zNDM2M2JjN2M0YzAiOnsiY3JlYXRlIjo1NDAwMDAwMDAwMDAwLCJkZWxldGUiOjU0MDAwMDAwMDAwMDAsInJlYWQiOjMwMDAwMDAwMDAwMCwidXBkYXRlIjo1NDAwMDAwMDAwMDAwfX0="
        }
      ]
    },
    {
      "mode": "managed",
      "type": "azurerm_service_plan",
      "name": "workload_a",
      "provider": "provider[\"registry.terraform.io/hashicorp/azurerm\"]",
      "instances": [
        {
          "schema_version": 1,
          "attributes": {
            "app_service_environment_id": "",
            "id": "/subscriptions/a2418553-1102-46df-a7af-cf62ce4940c1/resourceGroups/security-rg/providers/Microsoft.Web/serverFarms/asp-internal-workload",
            "kind": "linux",
            "location": "canadacentral",
            "maximum_elastic_worker_count": 1,
            "name": "asp-internal-workload",
            "os_type": "Linux",
            "per_site_scaling_enabled": false,
            "premium_plan_auto_scale_enabled": false,
            "reserved": true,
            "resource_group_name": "security-rg",
            "sku_name": "F1",
            "tags": {},
            "timeouts": null,
            "worker_count": 1,
            "zone_balancing_enabled": false
          },
          "sensitive_attributes": [],
          "identity_schema_version": 0,
          "private": "eyJlMmJmYjczMC1lY2FhLTExZTYtOGY4OC0zNDM2M2JjN2M0YzAiOnsiY3JlYXRlIjozNjAwMDAwMDAwMDAwLCJkZWxldGUiOjM2MDAwMDAwMDAwMDAsInJlYWQiOjMwMDAwMDAwMDAwMCwidXBkYXRlIjozNjAwMDAwMDAwMDAwfSwic2NoZW1hX3ZlcnNpb24iOiIxIn0=",
          "dependencies": [
            "azurerm_resource_group.security"
          ]
        }
      ]
    },
    {
      "mode": "managed",
      "type": "azurerm_service_plan",
      "name": "workload_b",
      "provider": "provider[\"registry.terraform.io/hashicorp/azurerm\"]",
      "instances": [
        {
          "schema_version": 1,
          "attributes": {
            "app_service_environment_id": "",
            "id": "/subscriptions/a2418553-1102-46df-a7af-cf62ce4940c1/resourceGroups/security-rg/providers/Microsoft.Web/serverFarms/asp-customer-portal",
            "kind": "linux",
            "location": "canadacentral",
            "maximum_elastic_worker_count": 1,
            "name": "asp-customer-portal",
            "os_type": "Linux",
            "per_site_scaling_enabled": false,
            "premium_plan_auto_scale_enabled": false,
            "reserved": true,
            "resource_group_name": "security-rg",
            "sku_name": "F1",
            "tags": {},
            "timeouts": null,
            "worker_count": 1,
            "zone_balancing_enabled": false
          },
          "sensitive_attributes": [],
          "identity_schema_version": 0,
          "private": "eyJlMmJmYjczMC1lY2FhLTExZTYtOGY4OC0zNDM2M2JjN2M0YzAiOnsiY3JlYXRlIjozNjAwMDAwMDAwMDAwLCJkZWxldGUiOjM2MDAwMDAwMDAwMDAsInJlYWQiOjMwMDAwMDAwMDAwMCwidXBkYXRlIjozNjAwMDAwMDAwMDAwfSwic2NoZW1hX3ZlcnNpb24iOiIxIn0=",
          "dependencies": [
            "azurerm_resource_group.security"
          ]
        }
      ]
    }
  ],
  "check_results": [
    {
      "object_kind": "var",
      "config_addr": "var.environment",
      "status": "pass",
      "objects": [
        {
          "object_addr": "var.environment",
          "status": "pass"
        }
      ]
    },
    {
      "object_kind": "var",
      "config_addr": "var.log_retention_days",
      "status": "pass",
      "objects": [
        {
          "object_addr": "var.log_retention_days",
          "status": "pass"
        }
      ]
    }
  ]
}
